
Microsoft Visual Studio Solution File, Format Version 12.00
# Visual Studio Version 17
VisualStudioVersion = 17.2.32630.192
MinimumVisualStudioVersion = 10.0.40219.1
Project("{FAE04EC0-301F-11D3-BF4B-00C04F79EFBC}") = "ManejoPresupuesto", "ManejoPresupuesto\ManejoPresupuesto.csproj", "{5BBE49D3-6304-471A-A80F-D105F616125C}"
EndProject
Global
	GlobalSection(SolutionConfigurationPlatforms) = preSolution
		Debug|Any CPU = Debug|Any CPU
		Release|Any CPU = Release|Any CPU
	EndGlobalSection
	GlobalSection(ProjectConfigurationPlatforms) = postSolution
		{5BBE49D3-6304-471A-A80F-D105F616125C}.Debug|Any CPU.ActiveCfg = Debug|Any CPU
		{5BBE49D3-6304-471A-A80F-D105F616125C}.Debug|Any CPU.Build.0 = Debug|Any CPU
		{5BBE49D3-6304-471A-A80F-D105F616125C}.Release|Any CPU.ActiveCfg = Release|Any CPU
		{5BBE49D3-6304-471A-A80F-D105F616125C}.Release|Any CPU.Build.0 = Release|Any CPU
	EndGlobalSection
	GlobalSection(SolutionProperties) = preSolution
		HideSolutionNode = FALSE
	EndGlobalSection
	GlobalSection(ExtensibilityGlobals) = postSolution
		SolutionGuid = {545B9807-BB92-4F33-892C-B4665293C600}
	EndGlobalSection
EndGlobal
